
Microsoft Visual Studio Solution File, Format Version 12.00
# Visual Studio 15
VisualStudioVersion = 15.0.27004.2008
MinimumVisualStudioVersion = 10.0.40219.1
Project("{FAE04EC0-301F-11D3-BF4B-00C04F79EFBC}") = "CodingChallengeHost", "CodingChallengeHost\CodingChallengeHost.csproj", "{0126912B-8F4F-466D-8FF8-6B91DD133B11}"
EndProject
Global
	GlobalSection(SolutionConfigurationPlatforms) = preSolution
		Debug|Any CPU = Debug|Any CPU
		Release|Any CPU = Release|Any CPU
	EndGlobalSection
	GlobalSection(ProjectConfigurationPlatforms) = postSolution
		{0126912B-8F4F-466D-8FF8-6B91DD133B11}.Debug|Any CPU.ActiveCfg = Debug|Any CPU
		{0126912B-8F4F-466D-8FF8-6B91DD133B11}.Debug|Any CPU.Build.0 = Debug|Any CPU
		{0126912B-8F4F-466D-8FF8-6B91DD133B11}.Release|Any CPU.ActiveCfg = Release|Any CPU
		{0126912B-8F4F-466D-8FF8-6B91DD133B11}.Release|Any CPU.Build.0 = Release|Any CPU
	EndGlobalSection
	GlobalSection(SolutionProperties) = preSolution
		HideSolutionNode = FALSE
	EndGlobalSection
	GlobalSection(ExtensibilityGlobals) = postSolution
		SolutionGuid = {852A010C-AF79-458E-9689-6BD02F1B5C38}
	EndGlobalSection
EndGlobal
